Microsoft Visual Studio Solution File, Format Version 12.00
# Visual Studio Version 17
VisualStudioVersion = 17.5.2.0
MinimumVisualStudioVersion = 10.0.40219.1
Project("{FAE04EC0-301F-11D3-BF4B-00C04F79EFBC}") = "WpfApp1", "WpfApp1.csproj", "{72DCA0BD-DC49-4445-82D7-36F940C21DB9}"
EndProject
Global
	GlobalSection(SolutionConfigurationPlatforms) = preSolution
		Debug|Any CPU = Debug|Any CPU
		Release|Any CPU = Release|Any CPU
	EndGlobalSection
	GlobalSection(ProjectConfigurationPlatforms) = postSolution
		{72DCA0BD-DC49-4445-82D7-36F940C21DB9}.Debug|Any CPU.ActiveCfg = Debug|Any CPU
		{72DCA0BD-DC49-4445-82D7-36F940C21DB9}.Debug|Any CPU.Build.0 = Debug|Any CPU
		{72DCA0BD-DC49-4445-82D7-36F940C21DB9}.Release|Any CPU.ActiveCfg = Release|Any CPU
		{72DCA0BD-DC49-4445-82D7-36F940C21DB9}.Release|Any CPU.Build.0 = Release|Any CPU
	EndGlobalSection
	GlobalSection(SolutionProperties) = preSolution
		HideSolutionNode = FALSE
	EndGlobalSection
	GlobalSection(ExtensibilityGlobals) = postSolution
		SolutionGuid = {F4C9CBDF-B109-4C27-BC3E-A411566B2731}
	EndGlobalSection
EndGlobal
